github.com/etc-sudonters/substrate v0.0.0-20240808010954-faca5686d0e4 h1:H/gxcjXBckcz0umm+tXxaS+1HMSjFbbLBjzv/kpjfPE=
github.com/etc-sudonters/substrate v0.0.0-20240808010954-faca5686d0e4/go.mod h1:fIQBB70tduyrZsUd4sab35FiYjSLB+cvHu0TVEYlfk4=
github.com/etc-sudonters/substrate v0.0.0-20240822010006-0b2552e3f858 h1:ysVcJnQi91aegjKOQMXEBGXw7ZtU36cni+iGWd86Tcs=
github.com/etc-sudonters/substrate v0.0.0-20240822010006-0b2552e3f858/go.mod h1:zCoHoCnCxOmbYUNN/dT/aCOEsPw6MA1uGv80XKf6Jr8=
golang.org/x/exp v0.0.0-20231006140011-7918f672742d h1:jtJma62tbqLibJ5sFQz8bKtEM8rJBtfilJ2qTU199MI=
golang.org/x/exp v0.0.0-20231006140011-7918f672742d/go.mod h1:ldy0pHrwJyGW56pPQzzkH36rKxoZW1tw7ZJpeKx+hdo=
muzzammil.xyz/jsonc v1.0.0 h1:B6kaT3wHueZ87mPz3q1nFuM1BlL32IG0wcq0/uOsQ18=
muzzammil.xyz/jsonc v1.0.0/go.mod h1:rFv8tUUKe+QLh7v02BhfxXEf4ZHhYD7unR93HL/1Uvo=
