github.com/etc-sudonters/substrate v0.0.0-20240822020222-81166d48bea1 h1:yR81uhwXjliLtO5kChwNvY30Bp1zdqa8Afp7+qXV44c=
github.com/etc-sudonters/substrate v0.0.0-20240822020222-81166d48bea1/go.mod h1:zCoHoCnCxOmbYUNN/dT/aCOEsPw6MA1uGv80XKf6Jr8=
muzzammil.xyz/jsonc v1.0.0 h1:B6kaT3wHueZ87mPz3q1nFuM1BlL32IG0wcq0/uOsQ18=
muzzammil.xyz/jsonc v1.0.0/go.mod h1:rFv8tUUKe+QLh7v02BhfxXEf4ZHhYD7unR93HL/1Uvo=
